
Microsoft Visual Studio Solution File, Format Version 12.00
# Visual Studio 2012
Project("{8BC9CEB8-8B4A-11D0-8D11-00A0C91BC942}") = "Moderately Savage Mouse", "Moderately Savage Mouse\Moderately Savage Mouse.vcxproj", "{991489BF-C353-4307-86FB-0A6C5A5C9DCA}"
EndProject
Global
	GlobalSection(SolutionConfigurationPlatforms) = preSolution
		Debug|Win32 = Debug|Win32
		Release|Win32 = Release|Win32
	EndGlobalSection
	GlobalSection(ProjectConfigurationPlatforms) = postSolution
		{991489BF-C353-4307-86FB-0A6C5A5C9DCA}.Debug|Win32.ActiveCfg = Debug|Win32
		{991489BF-C353-4307-86FB-0A6C5A5C9DCA}.Debug|Win32.Build.0 = Debug|Win32
		{991489BF-C353-4307-86FB-0A6C5A5C9DCA}.Release|Win32.ActiveCfg = Release|Win32
		{991489BF-C353-4307-86FB-0A6C5A5C9DCA}.Release|Win32.Build.0 = Release|Win32
	EndGlobalSection
	GlobalSection(SolutionProperties) = preSolution
		HideSolutionNode = FALSE
	EndGlobalSection
EndGlobal
