<?xml version="1.0" encoding="utf-8"?>
<Project ToolsVersion="4.0" xmlns="http://schemas.microsoft.com/developer/msbuild/2003">
  <ItemGroup>
    <Filter Include="Source Files">
      <UniqueIdentifier>{4FC737F1-C7A5-4376-A066-2A32D752A2FF}</UniqueIdentifier>
      <Extensions>cpp;c;cc;cxx;def;odl;idl;hpj;bat;asm;asmx</Extensions>
    </Filter>
    <Filter Include="Header Files">
      <UniqueIdentifier>{93995380-89BD-4b04-88EB-625FBE52EBFB}</UniqueIdentifier>
      <Extensions>h;hpp;hxx;hm;inl;inc;xsd</Extensions>
    </Filter>
    <Filter Include="Resource Files">
      <UniqueIdentifier>{67DA6AB6-F800-4c08-8B7A-83BB121AAD01}</UniqueIdentifier>
      <Extensions>rc;ico;cur;bmp;dlg;rc2;rct;bin;rgs;gif;jpg;jpeg;jpe;resx;tiff;tif;png;wav;mfcribbon-ms</Extensions>
    </Filter>
  </ItemGroup>
  <ItemGroup>
    <ClCompile Include="colortracking.cpp">
      <Filter>Source Files</Filter>
    </ClCompile>
    <ClCompile Include="ColourToTrack.cpp">
      <Filter>Source Files</Filter>
    </ClCompile>
    <ClCompile Include="MovementDecoder.cpp">
      <Filter>Source Files</Filter>
    </ClCompile>
    <ClCompile Include="ColourTracker.cpp">
      <Filter>Source Files</Filter>
    </ClCompile>
    <ClCompile Include="GestureRight.cpp">
      <Filter>Source Files</Filter>
    </ClCompile>
    <ClCompile Include="GestureLeft.cpp">
      <Filter>Source Files</Filter>
    </ClCompile>
    <ClCompile Include="GestureUp.cpp">
      <Filter>Source Files</Filter>
    </ClCompile>
    <ClCompile Include="GestureDown.cpp">
      <Filter>Source Files</Filter>
    </ClCompile>
    <ClCompile Include="BasicGesture.cpp">
      <Filter>Source Files</Filter>
    </ClCompile>
    <ClCompile Include="GestureRegressiveRight.cpp">
      <Filter>Source Files</Filter>
    </ClCompile>
    <ClCompile Include="GestureRegressiveLeft.cpp">
      <Filter>Source Files</Filter>
    </ClCompile>
    <ClCompile Include="GestureRegressiveUp.cpp">
      <Filter>Source Files</Filter>
    </ClCompile>
    <ClCompile Include="GestureRegressiveDown.cpp">
      <Filter>Source Files</Filter>
    </ClCompile>
    <ClCompile Include="GestureSequence.cpp">
      <Filter>Source Files</Filter>
    </ClCompile>
    <ClCompile Include="ColourRoute.cpp">
      <Filter>Source Files</Filter>
    </ClCompile>
    <ClCompile Include="AsynchronousCompoundGesture.cpp">
      <Filter>Source Files</Filter>
    </ClCompile>
    <ClCompile Include="GestureScurry.cpp">
      <Filter>Source Files</Filter>
    </ClCompile>
    <ClCompile Include="SpringGesture.cpp">
      <Filter>Source Files</Filter>
    </ClCompile>
    <ClCompile Include="GestureJointDown.cpp">
      <Filter>Source Files</Filter>
    </ClCompile>
    <ClCompile Include="GestureJointUp.cpp">
      <Filter>Source Files</Filter>
    </ClCompile>
    <ClCompile Include="GestureRotateRightDown.cpp">
      <Filter>Source Files</Filter>
    </ClCompile>
    <ClCompile Include="GestureRotateRightUp.cpp">
      <Filter>Source Files</Filter>
    </ClCompile>
    <ClCompile Include="GestureRotateLeftDown.cpp">
      <Filter>Source Files</Filter>
    </ClCompile>
    <ClCompile Include="GestureRotateLeftUp.cpp">
      <Filter>Source Files</Filter>
    </ClCompile>
    <ClCompile Include="GestureRotateRegressiveRightDown.cpp">
      <Filter>Source Files</Filter>
    </ClCompile>
    <ClCompile Include="GestureRotateRegressiveLeftDown.cpp">
      <Filter>Source Files</Filter>
    </ClCompile>
  </ItemGroup>
  <ItemGroup>
    <ClInclude Include="ColourToTrack.h">
      <Filter>Header Files</Filter>
    </ClInclude>
    <ClInclude Include="MovementDecoder.h">
      <Filter>Header Files</Filter>
    </ClInclude>
    <ClInclude Include="Movements.h">
      <Filter>Header Files</Filter>
    </ClInclude>
    <ClInclude Include="ColourTracker.h">
      <Filter>Header Files</Filter>
    </ClInclude>
    <ClInclude Include="Gestures.h">
      <Filter>Header Files</Filter>
    </ClInclude>
    <ClInclude Include="SimpleGestures.h">
      <Filter>Header Files</Filter>
    </ClInclude>
    <ClInclude Include="GestureLeft.h">
      <Filter>Header Files</Filter>
    </ClInclude>
    <ClInclude Include="GestureRight.h">
      <Filter>Header Files</Filter>
    </ClInclude>
    <ClInclude Include="GestureDown.h">
      <Filter>Header Files</Filter>
    </ClInclude>
    <ClInclude Include="GestureUp.h">
      <Filter>Header Files</Filter>
    </ClInclude>
    <ClInclude Include="BasicGesture.h">
      <Filter>Header Files</Filter>
    </ClInclude>
    <ClInclude Include="CompositeGestures.h">
      <Filter>Header Files</Filter>
    </ClInclude>
    <ClInclude Include="GestureRegressiveRight.h">
      <Filter>Header Files</Filter>
    </ClInclude>
    <ClInclude Include="GestureRegressiveLeft.h">
      <Filter>Header Files</Filter>
    </ClInclude>
    <ClInclude Include="GestureRegressiveUp.h">
      <Filter>Header Files</Filter>
    </ClInclude>
    <ClInclude Include="GestureRegressiveDown.h">
      <Filter>Header Files</Filter>
    </ClInclude>
    <ClInclude Include="GestureSequence.h">
      <Filter>Header Files</Filter>
    </ClInclude>
    <ClInclude Include="ColourRoute.h">
      <Filter>Header Files</Filter>
    </ClInclude>
    <ClInclude Include="AsynchronousCompoundGesture.h">
      <Filter>Header Files</Filter>
    </ClInclude>
    <ClInclude Include="GestureScurry.h">
      <Filter>Header Files</Filter>
    </ClInclude>
    <ClInclude Include="SpringGesture.h">
      <Filter>Header Files</Filter>
    </ClInclude>
    <ClInclude Include="GestureJointDown.h">
      <Filter>Header Files</Filter>
    </ClInclude>
    <ClInclude Include="GestureJointUp.h">
      <Filter>Header Files</Filter>
    </ClInclude>
    <ClInclude Include="GestureRotateRightDown.h">
      <Filter>Header Files</Filter>
    </ClInclude>
    <ClInclude Include="GestureRotateLeftDown.h">
      <Filter>Header Files</Filter>
    </ClInclude>
    <ClInclude Include="GestureRotateRightUp.h">
      <Filter>Header Files</Filter>
    </ClInclude>
    <ClInclude Include="GestureRotateLeftUp.h">
      <Filter>Header Files</Filter>
    </ClInclude>
    <ClInclude Include="GestureRotateRegressiveRightDown.h">
      <Filter>Header Files</Filter>
    </ClInclude>
    <ClInclude Include="GestureRotateRegressiveLeftDown.h">
      <Filter>Header Files</Filter>
    </ClInclude>
  </ItemGroup>
</Project>